
Microsoft Visual Studio Solution File, Format Version 12.00
# Visual Studio Version 17
VisualStudioVersion = 17.9.34723.18
MinimumVisualStudioVersion = 10.0.40219.1
Project("{FAE04EC0-301F-11D3-BF4B-00C04F79EFBC}") = "stocks_webproject", "stocks_webproject.csproj", "{7251F4A9-C8EB-493B-A0CD-C1C296784EB0}"
EndProject
Project("{FAE04EC0-301F-11D3-BF4B-00C04F79EFBC}") = "Domain or abstractionLayer", "..\Domain or abstractionLayer\Domain or abstractionLayer.csproj", "{110DCE77-C8C0-4726-A67B-18472373B12D}"
EndProject
Project("{FAE04EC0-301F-11D3-BF4B-00C04F79EFBC}") = "BusinessLogic_Layer", "..\BusinessLogic_Layer\BusinessLogic_Layer.csproj", "{AC305527-CF6B-4164-9725-3CF1FE9A021C}"
EndProject
Global
	GlobalSection(SolutionConfigurationPlatforms) = preSolution
		Debug|Any CPU = Debug|Any CPU
		Release|Any CPU = Release|Any CPU
	EndGlobalSection
	GlobalSection(ProjectConfigurationPlatforms) = postSolution
		{7251F4A9-C8EB-493B-A0CD-C1C296784EB0}.Debug|Any CPU.ActiveCfg = Debug|Any CPU
		{7251F4A9-C8EB-493B-A0CD-C1C296784EB0}.Debug|Any CPU.Build.0 = Debug|Any CPU
		{7251F4A9-C8EB-493B-A0CD-C1C296784EB0}.Release|Any CPU.ActiveCfg = Release|Any CPU
		{7251F4A9-C8EB-493B-A0CD-C1C296784EB0}.Release|Any CPU.Build.0 = Release|Any CPU
		{110DCE77-C8C0-4726-A67B-18472373B12D}.Debug|Any CPU.ActiveCfg = Debug|Any CPU
		{110DCE77-C8C0-4726-A67B-18472373B12D}.Debug|Any CPU.Build.0 = Debug|Any CPU
		{110DCE77-C8C0-4726-A67B-18472373B12D}.Release|Any CPU.ActiveCfg = Release|Any CPU
		{110DCE77-C8C0-4726-A67B-18472373B12D}.Release|Any CPU.Build.0 = Release|Any CPU
		{AC305527-CF6B-4164-9725-3CF1FE9A021C}.Debug|Any CPU.ActiveCfg = Debug|Any CPU
		{AC305527-CF6B-4164-9725-3CF1FE9A021C}.Debug|Any CPU.Build.0 = Debug|Any CPU
		{AC305527-CF6B-4164-9725-3CF1FE9A021C}.Release|Any CPU.ActiveCfg = Release|Any CPU
		{AC305527-CF6B-4164-9725-3CF1FE9A021C}.Release|Any CPU.Build.0 = Release|Any CPU
	EndGlobalSection
	GlobalSection(SolutionProperties) = preSolution
		HideSolutionNode = FALSE
	EndGlobalSection
	GlobalSection(ExtensibilityGlobals) = postSolution
		SolutionGuid = {47342155-4022-428C-99E2-328C9BBB8C45}
	EndGlobalSection
EndGlobal
